
Microsoft Visual Studio Solution File, Format Version 12.00
# Visual Studio Version 16
VisualStudioVersion = 16.0.30804.86
MinimumVisualStudioVersion = 10.0.40219.1
Project("{FAE04EC0-301F-11D3-BF4B-00C04F79EFBC}") = "electrical-supplies-backend", "electrical-supplies-backend\electrical-supplies-backend.csproj", "{9E31A128-493D-4CF0-BC47-353CA5CF2D79}"
EndProject
Global
	GlobalSection(SolutionConfigurationPlatforms) = preSolution
		Debug|Any CPU = Debug|Any CPU
		Release|Any CPU = Release|Any CPU
	EndGlobalSection
	GlobalSection(ProjectConfigurationPlatforms) = postSolution
		{9E31A128-493D-4CF0-BC47-353CA5CF2D79}.Debug|Any CPU.ActiveCfg = Debug|Any CPU
		{9E31A128-493D-4CF0-BC47-353CA5CF2D79}.Debug|Any CPU.Build.0 = Debug|Any CPU
		{9E31A128-493D-4CF0-BC47-353CA5CF2D79}.Release|Any CPU.ActiveCfg = Release|Any CPU
		{9E31A128-493D-4CF0-BC47-353CA5CF2D79}.Release|Any CPU.Build.0 = Release|Any CPU
	EndGlobalSection
	GlobalSection(SolutionProperties) = preSolution
		HideSolutionNode = FALSE
	EndGlobalSection
	GlobalSection(ExtensibilityGlobals) = postSolution
		SolutionGuid = {BC4AB2D1-16BB-4F13-8201-61A1B3DB1B16}
	EndGlobalSection
EndGlobal
